
Microsoft Visual Studio Solution File, Format Version 12.00
# Visual Studio Version 16
VisualStudioVersion = 16.0.32126.315
MinimumVisualStudioVersion = 10.0.40219.1
Project("{FAE04EC0-301F-11D3-BF4B-00C04F79EFBC}") = "ДЗ_9_WPF", "ДЗ_9_WPF\ДЗ_9_WPF.csproj", "{EEE33598-42E4-4646-ACEE-B5828FE4003B}"
EndProject
Global
	GlobalSection(SolutionConfigurationPlatforms) = preSolution
		Debug|Any CPU = Debug|Any CPU
		Release|Any CPU = Release|Any CPU
	EndGlobalSection
	GlobalSection(ProjectConfigurationPlatforms) = postSolution
		{EEE33598-42E4-4646-ACEE-B5828FE4003B}.Debug|Any CPU.ActiveCfg = Debug|Any CPU
		{EEE33598-42E4-4646-ACEE-B5828FE4003B}.Debug|Any CPU.Build.0 = Debug|Any CPU
		{EEE33598-42E4-4646-ACEE-B5828FE4003B}.Release|Any CPU.ActiveCfg = Release|Any CPU
		{EEE33598-42E4-4646-ACEE-B5828FE4003B}.Release|Any CPU.Build.0 = Release|Any CPU
	EndGlobalSection
	GlobalSection(SolutionProperties) = preSolution
		HideSolutionNode = FALSE
	EndGlobalSection
	GlobalSection(ExtensibilityGlobals) = postSolution
		SolutionGuid = {C351CD42-5585-48F2-903A-D42030E5412A}
	EndGlobalSection
EndGlobal
